
Microsoft Visual Studio Solution File, Format Version 12.00
# Visual Studio Version 16
VisualStudioVersion = 16.0.30104.148
MinimumVisualStudioVersion = 10.0.40219.1
Project("{FAE04EC0-301F-11D3-BF4B-00C04F79EFBC}") = "Space Station Security Simulation", "Space Station Security Simulation\Space Station Security Simulation.csproj", "{6EC5DF8B-4A7D-461D-9AF9-9E72AD74BA52}"
EndProject
Global
	GlobalSection(SolutionConfigurationPlatforms) = preSolution
		Debug|Any CPU = Debug|Any CPU
		Release|Any CPU = Release|Any CPU
	EndGlobalSection
	GlobalSection(ProjectConfigurationPlatforms) = postSolution
		{6EC5DF8B-4A7D-461D-9AF9-9E72AD74BA52}.Debug|Any CPU.ActiveCfg = Debug|Any CPU
		{6EC5DF8B-4A7D-461D-9AF9-9E72AD74BA52}.Debug|Any CPU.Build.0 = Debug|Any CPU
		{6EC5DF8B-4A7D-461D-9AF9-9E72AD74BA52}.Release|Any CPU.ActiveCfg = Release|Any CPU
		{6EC5DF8B-4A7D-461D-9AF9-9E72AD74BA52}.Release|Any CPU.Build.0 = Release|Any CPU
	EndGlobalSection
	GlobalSection(SolutionProperties) = preSolution
		HideSolutionNode = FALSE
	EndGlobalSection
	GlobalSection(ExtensibilityGlobals) = postSolution
		SolutionGuid = {AA24767D-6433-4E17-B634-CCEDEFCFB8DF}
	EndGlobalSection
EndGlobal
